
Microsoft Visual Studio Solution File, Format Version 12.00
# Visual Studio Version 16
VisualStudioVersion = 16.0.30717.126
MinimumVisualStudioVersion = 10.0.40219.1
Project("{FAE04EC0-301F-11D3-BF4B-00C04F79EFBC}") = "ExperimentWithControls", "ExperimentWithControls\ExperimentWithControls.csproj", "{61168029-F572-47C2-BA52-59F10E6B4B87}"
EndProject
Global
	GlobalSection(SolutionConfigurationPlatforms) = preSolution
		Debug|Any CPU = Debug|Any CPU
		Release|Any CPU = Release|Any CPU
	EndGlobalSection
	GlobalSection(ProjectConfigurationPlatforms) = postSolution
		{61168029-F572-47C2-BA52-59F10E6B4B87}.Debug|Any CPU.ActiveCfg = Debug|Any CPU
		{61168029-F572-47C2-BA52-59F10E6B4B87}.Debug|Any CPU.Build.0 = Debug|Any CPU
		{61168029-F572-47C2-BA52-59F10E6B4B87}.Release|Any CPU.ActiveCfg = Release|Any CPU
		{61168029-F572-47C2-BA52-59F10E6B4B87}.Release|Any CPU.Build.0 = Release|Any CPU
	EndGlobalSection
	GlobalSection(SolutionProperties) = preSolution
		HideSolutionNode = FALSE
	EndGlobalSection
	GlobalSection(ExtensibilityGlobals) = postSolution
		SolutionGuid = {AA6990AF-0778-4C47-AD5E-42B1966AC9E1}
	EndGlobalSection
EndGlobal
